
Microsoft Visual Studio Solution File, Format Version 12.00
# Visual Studio Version 17
VisualStudioVersion = 17.1.32414.318
MinimumVisualStudioVersion = 10.0.40219.1
Project("{9A19103F-16F7-4668-BE54-9A1E7A4F7556}") = "RoRMod", "RoRMod.csproj", "{EA62A63D-F046-4BC6-AA1C-4E6CFA3B67D4}"
EndProject
Global
	GlobalSection(SolutionConfigurationPlatforms) = preSolution
		Debug|Any CPU = Debug|Any CPU
		Release|Any CPU = Release|Any CPU
	EndGlobalSection
	GlobalSection(ProjectConfigurationPlatforms) = postSolution
		{EA62A63D-F046-4BC6-AA1C-4E6CFA3B67D4}.Debug|Any CPU.ActiveCfg = Debug|Any CPU
		{EA62A63D-F046-4BC6-AA1C-4E6CFA3B67D4}.Debug|Any CPU.Build.0 = Debug|Any CPU
		{EA62A63D-F046-4BC6-AA1C-4E6CFA3B67D4}.Release|Any CPU.ActiveCfg = Release|Any CPU
		{EA62A63D-F046-4BC6-AA1C-4E6CFA3B67D4}.Release|Any CPU.Build.0 = Release|Any CPU
	EndGlobalSection
	GlobalSection(SolutionProperties) = preSolution
		HideSolutionNode = FALSE
	EndGlobalSection
	GlobalSection(ExtensibilityGlobals) = postSolution
		SolutionGuid = {F49C6907-CD48-4EDC-9555-28BBC9F9D7EA}
	EndGlobalSection
EndGlobal
